
Microsoft Visual Studio Solution File, Format Version 12.00
# Visual Studio Version 16
VisualStudioVersion = 16.0.31729.503
MinimumVisualStudioVersion = 10.0.40219.1
Project("{9A19103F-16F7-4668-BE54-9A1E7A4F7556}") = "CountriesApp.API", "CountriesApp.API\CountriesApp.API.csproj", "{A7A1F9F0-6606-43BC-805E-20BFE0A4FFEF}"
EndProject
Project("{9A19103F-16F7-4668-BE54-9A1E7A4F7556}") = "CountriesApp.DAL", "CountriesApp.DAL\CountriesApp.DAL.csproj", "{D20701FF-409A-4376-9CFB-E695AEA3ABF9}"
EndProject
Project("{9A19103F-16F7-4668-BE54-9A1E7A4F7556}") = "CountriesApp.BLL", "CountriesApp.BLL\CountriesApp.BLL.csproj", "{4BBD3098-91A5-4994-BBBE-3AC20A15F77B}"
EndProject
Project("{FAE04EC0-301F-11D3-BF4B-00C04F79EFBC}") = "CountriesApp.BLL.Tests", "CountriesApp.BLL.Tests\CountriesApp.BLL.Tests.csproj", "{8199ED0C-2A02-4C64-B2F8-BDC49AAD74C1}"
EndProject
Global
	GlobalSection(SolutionConfigurationPlatforms) = preSolution
		Debug|Any CPU = Debug|Any CPU
		Release|Any CPU = Release|Any CPU
	EndGlobalSection
	GlobalSection(ProjectConfigurationPlatforms) = postSolution
		{A7A1F9F0-6606-43BC-805E-20BFE0A4FFEF}.Debug|Any CPU.ActiveCfg = Debug|Any CPU
		{A7A1F9F0-6606-43BC-805E-20BFE0A4FFEF}.Debug|Any CPU.Build.0 = Debug|Any CPU
		{A7A1F9F0-6606-43BC-805E-20BFE0A4FFEF}.Release|Any CPU.ActiveCfg = Release|Any CPU
		{A7A1F9F0-6606-43BC-805E-20BFE0A4FFEF}.Release|Any CPU.Build.0 = Release|Any CPU
		{D20701FF-409A-4376-9CFB-E695AEA3ABF9}.Debug|Any CPU.ActiveCfg = Debug|Any CPU
		{D20701FF-409A-4376-9CFB-E695AEA3ABF9}.Debug|Any CPU.Build.0 = Debug|Any CPU
		{D20701FF-409A-4376-9CFB-E695AEA3ABF9}.Release|Any CPU.ActiveCfg = Release|Any CPU
		{D20701FF-409A-4376-9CFB-E695AEA3ABF9}.Release|Any CPU.Build.0 = Release|Any CPU
		{4BBD3098-91A5-4994-BBBE-3AC20A15F77B}.Debug|Any CPU.ActiveCfg = Debug|Any CPU
		{4BBD3098-91A5-4994-BBBE-3AC20A15F77B}.Debug|Any CPU.Build.0 = Debug|Any CPU
		{4BBD3098-91A5-4994-BBBE-3AC20A15F77B}.Release|Any CPU.ActiveCfg = Release|Any CPU
		{4BBD3098-91A5-4994-BBBE-3AC20A15F77B}.Release|Any CPU.Build.0 = Release|Any CPU
		{8199ED0C-2A02-4C64-B2F8-BDC49AAD74C1}.Debug|Any CPU.ActiveCfg = Debug|Any CPU
		{8199ED0C-2A02-4C64-B2F8-BDC49AAD74C1}.Debug|Any CPU.Build.0 = Debug|Any CPU
		{8199ED0C-2A02-4C64-B2F8-BDC49AAD74C1}.Release|Any CPU.ActiveCfg = Release|Any CPU
		{8199ED0C-2A02-4C64-B2F8-BDC49AAD74C1}.Release|Any CPU.Build.0 = Release|Any CPU
	EndGlobalSection
	GlobalSection(SolutionProperties) = preSolution
		HideSolutionNode = FALSE
	EndGlobalSection
	GlobalSection(ExtensibilityGlobals) = postSolution
		SolutionGuid = {302F2411-CF53-42F7-BE33-D97AF620AB47}
	EndGlobalSection
EndGlobal
